
Microsoft Visual Studio Solution File, Format Version 12.00
# Visual Studio Version 17
VisualStudioVersion = 17.14.36221.1 d17.14
MinimumVisualStudioVersion = 10.0.40219.1
Project("{FAE04EC0-301F-11D3-BF4B-00C04F79EFBC}") = "RScript.Combiner", "RScript.Combiner.csproj", "{324CA39F-09A6-6D52-8DC5-2DB482808A6D}"
EndProject
Global
	GlobalSection(SolutionConfigurationPlatforms) = preSolution
		Debug|Any CPU = Debug|Any CPU
		Release|Any CPU = Release|Any CPU
	EndGlobalSection
	GlobalSection(ProjectConfigurationPlatforms) = postSolution
		{324CA39F-09A6-6D52-8DC5-2DB482808A6D}.Debug|Any CPU.ActiveCfg = Debug|Any CPU
		{324CA39F-09A6-6D52-8DC5-2DB482808A6D}.Debug|Any CPU.Build.0 = Debug|Any CPU
		{324CA39F-09A6-6D52-8DC5-2DB482808A6D}.Release|Any CPU.ActiveCfg = Release|Any CPU
		{324CA39F-09A6-6D52-8DC5-2DB482808A6D}.Release|Any CPU.Build.0 = Release|Any CPU
	EndGlobalSection
	GlobalSection(SolutionProperties) = preSolution
		HideSolutionNode = FALSE
	EndGlobalSection
	GlobalSection(ExtensibilityGlobals) = postSolution
		SolutionGuid = {185D6B94-A246-48D9-BD4D-1054A305C7F4}
	EndGlobalSection
EndGlobal
